{
    "_readme": [
        "This file locks the dependencies of your project to a known state",
        "Read more about it at https://getcomposer.org/doc/01-basic-usage.md#installing-dependencies",
        "This file is @generated automatically"
    ],
    "content-hash": "c993287e6b1c9521e10bf2336f041d2e",
    "packages": [
        {
            "name": "broccoli-html-editor/broccoli-field-table",
            "version": "0.2.x-dev",
            "source": {
                "type": "git",
                "url": "https://github.com/broccoli-html-editor/broccoli-field-table.git",
                "reference": "168cdaba9a44cac916a33bf1fd415dc3df7aeec3"
            },
            "dist": {
                "type": "zip",
                "url": "https://api.github.com/repos/broccoli-html-editor/broccoli-field-table/zipball/168cdaba9a44cac916a33bf1fd415dc3df7aeec3",
                "reference": "168cdaba9a44cac916a33bf1fd415dc3df7aeec3",
                "shasum": ""
            },
            "require": {
                "leafo/scssphp": "^0.7.6",
                "michelf/php-markdown": "^1.8",
                "php": ">=5.4.0",
                "tomk79/filesystem": "^1.0",
                "tomk79/php-excel2html": "^0.0.7",
                "tomk79/request": "^1.0"
            },
            "require-dev": {
                "broccoli-html-editor/broccoli-html-editor": "^0.3.0",
                "phpunit/phpunit": "^4.1.0"
            },
            "type": "library",
            "autoload": {
                "files": [
                    "php/main.php",
                    "php/excel2html.php"
                ]
            },
            "notification-url": "https://packagist.org/downloads/",
            "license": [
                "MIT"
            ],
            "authors": [
                {
                    "name": "Tomoya Koyanagi",
                    "email": "tomk79@gmail.com"
                }
            ],
            "time": "2018-07-27T03:42:30+00:00"
        },
        {
            "name": "broccoli-html-editor/broccoli-html-editor",
            "version": "0.3.x-dev",
            "source": {
                "type": "git",
                "url": "https://github.com/broccoli-html-editor/broccoli-html-editor.git",
                "reference": "c2a779a05eab1b9efe70919de7b7bdfa2c7024dc"
            },
            "dist": {
                "type": "zip",
                "url": "https://api.github.com/repos/broccoli-html-editor/broccoli-html-editor/zipball/c2a779a05eab1b9efe70919de7b7bdfa2c7024dc",
                "reference": "c2a779a05eab1b9efe70919de7b7bdfa2c7024dc",
                "shasum": ""
            },
            "require": {
                "leafo/scssphp": "^0.7.6",
                "michelf/php-markdown": "^1.8",
                "php": ">=5.4.0",
                "tomk79/filesystem": "^1.0",
                "tomk79/langbank": "^0.0.3",
                "twig/twig": "^1.35"
            },
            "require-dev": {
                "phpunit/phpunit": "^4.1.0"
            },
            "type": "library",
            "autoload": {
                "files": [
                    "php/main.php",
                    "php/fieldBase.php",
                    "php/resourceMgr.php",
                    "php/classModule.php",
                    "php/buildModuleResources.php",
                    "php/buildBowl.php",
                    "php/gpi.php",
                    "fields/php/href.php",
                    "fields/php/html_attr_text.php",
                    "fields/php/html.php",
                    "fields/php/image.php",
                    "fields/php/markdown.php",
                    "fields/php/multitext.php",
                    "fields/php/script.php",
                    "fields/php/select.php",
                    "fields/php/text.php",
                    "php/simple_html_dom.php"
                ]
            },
            "notification-url": "https://packagist.org/downloads/",
            "license": [
                "MIT"
            ],
            "authors": [
                {
                    "name": "Tomoya Koyanagi",
                    "email": "tomk79@gmail.com"
                }
            ],
            "description": "GUI HTML Editor Library.",
            "keywords": [
                "broccoli-html-editor"
            ],
            "time": "2019-11-16T04:24:46+00:00"
        },
        {
            "name": "broccoli-html-editor/broccoli-module-fess",
            "version": "dev-develop",
            "source": {
                "type": "git",
                "url": "https://github.com/broccoli-html-editor/broccoli-module-fess.git",
                "reference": "f48351e76dd08eb231da5bed40d6e6b7e866cf0f"
            },
            "dist": {
                "type": "zip",
                "url": "https://api.github.com/repos/broccoli-html-editor/broccoli-module-fess/zipball/f48351e76dd08eb231da5bed40d6e6b7e866cf0f",
                "reference": "f48351e76dd08eb231da5bed40d6e6b7e866cf0f",
                "shasum": ""
            },
            "require": {
                "php": ">=5.4.0"
            },
            "require-dev": {
                "broccoli-html-editor/broccoli-module-plain-html-elements": "dev-develop",
                "phpunit/phpunit": "4.1.*",
                "pickles2/px-fw-2.x": "dev-develop",
                "pickles2/px2-px2dthelper": "dev-develop",
                "pickles2/px2-sitemapexcel": "dev-develop"
            },
            "type": "library",
            "notification-url": "https://packagist.org/downloads/",
            "license": [
                "MIT"
            ],
            "authors": [
                {
                    "name": "Tomoya Koyanagi",
                    "email": "tomk79@gmail.com"
                }
            ],
            "description": "FESS modues for broccoli-html-editor.",
            "keywords": [
                "broccoli-html-editor"
            ],
            "time": "2019-06-10T17:51:45+00:00"
        },
        {
            "name": "broccoli-html-editor/broccoli-module-plain-html-elements",
            "version": "dev-develop",
            "source": {
                "type": "git",
                "url": "https://github.com/broccoli-html-editor/broccoli-module-plain-html-elements.git",
                "reference": "7319d00aadd1562d734832d1741df10d108c4b07"
            },
            "dist": {
                "type": "zip",
                "url": "https://api.github.com/repos/broccoli-html-editor/broccoli-module-plain-html-elements/zipball/7319d00aadd1562d734832d1741df10d108c4b07",
                "reference": "7319d00aadd1562d734832d1741df10d108c4b07",
                "shasum": ""
            },
            "require": {
                "php": ">=5.4.0"
            },
            "require-dev": {
                "phpunit/phpunit": "4.1.*",
                "pickles2/px-fw-2.x": "dev-develop",
                "pickles2/px2-px2dthelper": "dev-develop",
                "pickles2/px2-sitemapexcel": "dev-develop"
            },
            "type": "library",
            "notification-url": "https://packagist.org/downloads/",
            "license": [
                "MIT"
            ],
            "authors": [
                {
                    "name": "Tomoya Koyanagi",
                    "email": "tomk79@gmail.com"
                }
            ],
            "description": "Plain HTML Element modules for broccoli-html-editor.",
            "keywords": [
                "broccoli-html-editor"
            ],
            "time": "2018-05-03T11:40:12+00:00"
        },
        {
            "name": "leafo/scssphp",
            "version": "v0.7.8",
            "source": {
                "type": "git",
                "url": "https://github.com/leafo/scssphp.git",
                "reference": "a384906af3d078e98b089d7d36f6ceab8703f7ff"
            },
            "dist": {
                "type": "zip",
                "url": "https://api.github.com/repos/leafo/scssphp/zipball/a384906af3d078e98b089d7d36f6ceab8703f7ff",
                "reference": "a384906af3d078e98b089d7d36f6ceab8703f7ff",
                "shasum": ""
            },
            "require": {
                "php": ">=5.4.0"
            },
            "require-dev": {
                "phpunit/phpunit": "~4.6",
                "squizlabs/php_codesniffer": "~2.5"
            },
            "bin": [
                "bin/pscss"
            ],
            "type": "library",
            "autoload": {
                "psr-4": {
                    "Leafo\\ScssPhp\\": "src/"
                }
            },
            "notification-url": "https://packagist.org/downloads/",
            "license": [
                "MIT"
            ],
            "authors": [
                {
                    "name": "Leaf Corcoran",
                    "email": "leafot@gmail.com",
                    "homepage": "http://leafo.net"
                }
            ],
            "description": "scssphp is a compiler for SCSS written in PHP.",
            "homepage": "http://leafo.github.io/scssphp/",
            "keywords": [
                "css",
                "less",
                "sass",
                "scss",
                "stylesheet"
            ],
            "time": "2019-04-24T18:10:10+00:00"
        },
        {
            "name": "michelf/php-markdown",
            "version": "1.8.0",
            "source": {
                "type": "git",
                "url": "https://github.com/michelf/php-markdown.git",
                "reference": "01ab082b355bf188d907b9929cd99b2923053495"
            },
            "dist": {
                "type": "zip",
                "url": "https://api.github.com/repos/michelf/php-markdown/zipball/01ab082b355bf188d907b9929cd99b2923053495",
                "reference": "01ab082b355bf188d907b9929cd99b2923053495",
                "shasum": ""
            },
            "require": {
                "php": ">=5.3.0"
            },
            "type": "library",
            "autoload": {
                "psr-4": {
                    "Michelf\\": "Michelf/"
                }
            },
            "notification-url": "https://packagist.org/downloads/",
            "license": [
                "BSD-3-Clause"
            ],
            "authors": [
                {
                    "name": "Michel Fortin",
                    "email": "michel.fortin@michelf.ca",
                    "homepage": "https://michelf.ca/",
                    "role": "Developer"
                },
                {
                    "name": "John Gruber",
                    "homepage": "https://daringfireball.net/"
                }
            ],
            "description": "PHP Markdown",
            "homepage": "https://michelf.ca/projects/php-markdown/",
            "keywords": [
                "markdown"
            ],
            "time": "2018-01-15T00:49:33+00:00"
        },
        {
            "name": "phpoffice/phpexcel",
            "version": "1.8.x-dev",
            "source": {
                "type": "git",
                "url": "https://github.com/PHPOffice/PHPExcel.git",
                "reference": "39534e3dd376041d0d50a4714e73375bf45b692b"
            },
            "dist": {
                "type": "zip",
                "url": "https://api.github.com/repos/PHPOffice/PHPExcel/zipball/39534e3dd376041d0d50a4714e73375bf45b692b",
                "reference": "39534e3dd376041d0d50a4714e73375bf45b692b",
                "shasum": ""
            },
            "require": {
                "ext-mbstring": "*",
                "ext-xml": "*",
                "ext-xmlwriter": "*",
                "php": "^5.2|^7.0"
            },
            "require-dev": {
                "squizlabs/php_codesniffer": "2.*"
            },
            "type": "library",
            "autoload": {
                "psr-0": {
                    "PHPExcel": "Classes/"
                }
            },
            "notification-url": "https://packagist.org/downloads/",
            "license": [
                "LGPL-2.1"
            ],
            "authors": [
                {
                    "name": "Maarten Balliauw",
                    "homepage": "http://blog.maartenballiauw.be"
                },
                {
                    "name": "Erik Tilt"
                },
                {
                    "name": "Franck Lefevre",
                    "homepage": "http://rootslabs.net"
                },
                {
                    "name": "Mark Baker",
                    "homepage": "http://markbakeruk.net"
                }
            ],
            "description": "PHPExcel - OpenXML - Read, Create and Write Spreadsheet documents in PHP - Spreadsheet engine",
            "homepage": "https://github.com/PHPOffice/PHPExcel",
            "keywords": [
                "OpenXML",
                "excel",
                "php",
                "spreadsheet",
                "xls",
                "xlsx"
            ],
            "abandoned": "phpoffice/phpspreadsheet",
            "time": "2019-01-02T01:38:47+00:00"
        },
        {
            "name": "pickles2/lib-px2-contents-editor",
            "version": "2.0.x-dev",
            "source": {
                "type": "git",
                "url": "https://github.com/pickles2/node-pickles2-contents-editor.git",
                "reference": "ac505b97cb8465f7016f936eaf1e7f6460b8559f"
            },
            "dist": {
                "type": "zip",
                "url": "https://api.github.com/repos/pickles2/node-pickles2-contents-editor/zipball/ac505b97cb8465f7016f936eaf1e7f6460b8559f",
                "reference": "ac505b97cb8465f7016f936eaf1e7f6460b8559f",
                "shasum": ""
            },
            "require": {
                "broccoli-html-editor/broccoli-field-table": "^0.2",
                "broccoli-html-editor/broccoli-html-editor": "^0.3",
                "php": ">=5.4.0"
            },
            "require-dev": {
                "broccoli-html-editor/broccoli-module-fess": "*",
                "broccoli-html-editor/broccoli-module-plain-html-elements": "*",
                "phpunit/phpunit": "^4.1.0",
                "pickles2/px-fw-2.x": "*",
                "pickles2/px2-dec": "*",
                "pickles2/px2-multitheme": "*",
                "pickles2/px2-path-resolver": "*",
                "pickles2/px2-px2dthelper": "*",
                "pickles2/px2-remove-attr": "*",
                "pickles2/px2-sitemapexcel": "*",
                "tomk79/broccoli-module-lp": "dev-develop"
            },
            "type": "library",
            "autoload": {
                "files": [
                    "php/main.php",
                    "php/gpi.php",
                    "php/editor/default.php",
                    "php/editor/broccoli.php"
                ]
            },
            "notification-url": "https://packagist.org/downloads/",
            "license": [
                "MIT"
            ],
            "authors": [
                {
                    "name": "Tomoya Koyanagi",
                    "email": "tomk79@gmail.com"
                }
            ],
            "description": "Pickles 2 contents editor library.",
            "keywords": [
                "pickles2"
            ],
            "time": "2019-08-21T11:13:04+00:00"
        },
        {
            "name": "pickles2/lib-px2-module-editor",
            "version": "0.2.x-dev",
            "source": {
                "type": "git",
                "url": "https://github.com/pickles2/node-pickles2-module-editor.git",
                "reference": "9f3154415241866f83d0dc328ec2362f4b7ea4c4"
            },
            "dist": {
                "type": "zip",
                "url": "https://api.github.com/repos/pickles2/node-pickles2-module-editor/zipball/9f3154415241866f83d0dc328ec2362f4b7ea4c4",
                "reference": "9f3154415241866f83d0dc328ec2362f4b7ea4c4",
                "shasum": ""
            },
            "require": {
                "php": ">=5.4.0",
                "pickles2/lib-px2-contents-editor": "^2.0.5",
                "tomk79/langbank": "^0.0.3",
                "twig/twig": "^1.35"
            },
            "require-dev": {
                "broccoli-html-editor/broccoli-module-fess": "dev-develop",
                "broccoli-html-editor/broccoli-module-plain-html-elements": "dev-develop",
                "phpunit/phpunit": "^4.1.0",
                "pickles2/px-fw-2.x": "dev-develop",
                "pickles2/px2-dec": "dev-master",
                "pickles2/px2-multitheme": "dev-develop",
                "pickles2/px2-path-resolver": "dev-develop",
                "pickles2/px2-px2dthelper": "^2.0.7",
                "pickles2/px2-remove-attr": "dev-develop",
                "pickles2/px2-sitemapexcel": "dev-develop"
            },
            "type": "library",
            "autoload": {
                "files": [
                    "php/main.php",
                    "php/gpi.php"
                ]
            },
            "notification-url": "https://packagist.org/downloads/",
            "license": [
                "MIT"
            ],
            "authors": [
                {
                    "name": "Tomoya Koyanagi",
                    "email": "tomk79@gmail.com"
                }
            ],
            "description": "Pickles 2 module editor library.",
            "keywords": [
                "pickles2"
            ],
            "time": "2019-08-12T03:13:30+00:00"
        },
        {
            "name": "pickles2/px-fw-2.x",
            "version": "dev-develop",
            "source": {
                "type": "git",
                "url": "https://github.com/pickles2/px-fw-2.x.git",
                "reference": "a91b83e4afe9485fda58ca18e53807a54167dfe5"
            },
            "dist": {
                "type": "zip",
                "url": "https://api.github.com/repos/pickles2/px-fw-2.x/zipball/a91b83e4afe9485fda58ca18e53807a54167dfe5",
                "reference": "a91b83e4afe9485fda58ca18e53807a54167dfe5",
                "shasum": ""
            },
            "require": {
                "ext-mbstring": "*",
                "ext-pdo": "*",
                "ext-pdo_sqlite": "*",
                "leafo/scssphp": "^0.7.0",
                "michelf/php-markdown": "^1.6.0",
                "php": ">=5.4.0",
                "tomk79/filesystem": "^1.0.0",
                "tomk79/request": "^1.0.0"
            },
            "require-dev": {
                "jms/serializer": "<1.8",
                "phpdocumentor/phpdocumentor": "^2.9.0",
                "phpunit/phpunit": "^4.1.0"
            },
            "type": "library",
            "autoload": {
                "files": [
                    "px-files/_sys/php/pickles.php",
                    "px-files/_sys/php/px.php",
                    "px-files/_sys/php/bowl.php",
                    "px-files/_sys/php/pxcmd.php",
                    "px-files/_sys/php/site.php",
                    "px-files/_sys/php/commands/api.php",
                    "px-files/_sys/php/commands/clearcache.php",
                    "px-files/_sys/php/commands/config.php",
                    "px-files/_sys/php/commands/phpinfo.php",
                    "px-files/_sys/php/commands/publish.php",
                    "px-files/_sys/php/processors/md.php",
                    "px-files/_sys/php/processors/scss.php",
                    "px-files/_sys/php/processors/autoindex.php",
                    "px-files/_sys/php/processors/encodingconverter.php",
                    "px-files/_sys/php/processors/ssi.php",
                    "px-files/themes/pickles2/php/theme.php"
                ]
            },
            "notification-url": "https://packagist.org/downloads/",
            "license": [
                "MIT"
            ],
            "authors": [
                {
                    "name": "Tomoya Koyanagi",
                    "email": "tomk79@gmail.com"
                }
            ],
            "description": "Pickles Framework(PxFW) は、静的で大きなウェブサイトを効率よく構築できる オープンソースのHTML生成ツールです。",
            "keywords": [
                "pickles",
                "pickles2"
            ],
            "time": "2019-11-26T00:40:29+00:00"
        },
        {
            "name": "pickles2/px2-dec",
            "version": "dev-develop",
            "source": {
                "type": "git",
                "url": "https://github.com/pickles2/px2-dec.git",
                "reference": "d8c12ef2c8ecddee50413d1dd31553a9cae81d51"
            },
            "dist": {
                "type": "zip",
                "url": "https://api.github.com/repos/pickles2/px2-dec/zipball/d8c12ef2c8ecddee50413d1dd31553a9cae81d51",
                "reference": "d8c12ef2c8ecddee50413d1dd31553a9cae81d51",
                "shasum": ""
            },
            "require": {
                "php": ">=5.4.0"
            },
            "require-dev": {
                "phpunit/phpunit": "4.1.*",
                "pickles2/broccoli-module-fess": "dev-develop",
                "pickles2/broccoli-module-plain-html-elements": "dev-develop",
                "pickles2/px-fw-2.x": "dev-develop",
                "pickles2/px2-px2dthelper": "dev-develop",
                "pickles2/px2-sitemapexcel": "dev-develop"
            },
            "type": "library",
            "autoload": {
                "files": [
                    "php/dec.php"
                ]
            },
            "notification-url": "https://packagist.org/downloads/",
            "license": [
                "MIT"
            ],
            "authors": [
                {
                    "name": "Tomoya Koyanagi",
                    "email": "tomk79@gmail.com"
                }
            ],
            "description": "px2-dec は、Pickles 2 に DEC 拡張機能を追加します。",
            "keywords": [
                "pickles2"
            ],
            "time": "2019-09-10T05:12:53+00:00"
        },
        {
            "name": "pickles2/px2-multitheme",
            "version": "dev-develop",
            "source": {
                "type": "git",
                "url": "https://github.com/pickles2/px2-multitheme.git",
                "reference": "7265582cc8e98957a516882082b18162dc0b513e"
            },
            "dist": {
                "type": "zip",
                "url": "https://api.github.com/repos/pickles2/px2-multitheme/zipball/7265582cc8e98957a516882082b18162dc0b513e",
                "reference": "7265582cc8e98957a516882082b18162dc0b513e",
                "shasum": ""
            },
            "require": {
                "php": ">=5.4.0"
            },
            "require-dev": {
                "phpdocumentor/phpdocumentor": "^2.9",
                "phpunit/phpunit": "4.1.*",
                "pickles2/broccoli-module-plain-html-elements": "dev-develop",
                "pickles2/px-fw-2.x": "dev-develop",
                "pickles2/px2-px2dthelper": "dev-develop",
                "tomk79/filesystem": "1.*"
            },
            "type": "library",
            "extra": {
                "px2package": {
                    "name": "pickles2/px2-multitheme",
                    "type": "processor"
                }
            },
            "autoload": {
                "files": [
                    "px-files/php/theme.php",
                    "px-files/php/template_utility.php"
                ]
            },
            "notification-url": "https://packagist.org/downloads/",
            "license": [
                "MIT"
            ],
            "authors": [
                {
                    "name": "Tomoya Koyanagi",
                    "email": "tomk79@gmail.com"
                }
            ],
            "description": "px2-multitheme は、複数のテーマを同時に管理する機能を Pickles 2 に追加します。",
            "keywords": [
                "pickles2"
            ],
            "time": "2018-08-22T13:50:55+00:00"
        },
        {
            "name": "pickles2/px2-paprika",
            "version": "dev-develop",
            "source": {
                "type": "git",
                "url": "https://github.com/pickles2/px2-paprika.git",
                "reference": "ec23a0d8f73c95b507c80c691ea6d505242762a1"
            },
            "dist": {
                "type": "zip",
                "url": "https://api.github.com/repos/pickles2/px2-paprika/zipball/ec23a0d8f73c95b507c80c691ea6d505242762a1",
                "reference": "ec23a0d8f73c95b507c80c691ea6d505242762a1",
                "shasum": ""
            },
            "require": {
                "php": ">=5.4.0",
                "tomk79/filesystem": "^1.0",
                "tomk79/request": "^1.0"
            },
            "require-dev": {
                "jms/serializer": "<1.8",
                "phpdocumentor/phpdocumentor": "^2.9.0",
                "phpunit/phpunit": "^4.1.0",
                "pickles2/px-fw-2.x": "dev-develop",
                "pickles2/px2-multitheme": "2.0.*",
                "pickles2/px2-path-resolver": "2.0.*",
                "pickles2/px2-publish-ex": "dev-develop",
                "pickles2/px2-px2dthelper": "dev-develop",
                "pickles2/px2-remove-attr": "2.0.*",
                "pickles2/px2-sitemapexcel": "2.0.*"
            },
            "type": "library",
            "autoload": {
                "files": [
                    "php/main.php",
                    "php/fw/bowl.php",
                    "php/fw/log.php",
                    "php/fw/paprika.php"
                ]
            },
            "notification-url": "https://packagist.org/downloads/",
            "license": [
                "MIT"
            ],
            "authors": [
                {
                    "name": "Tomoya Koyanagi",
                    "email": "tomk79@gmail.com"
                }
            ],
            "description": "Publishing Lightweight Web Application with \"Pickles 2\".",
            "keywords": [
                "pickles2"
            ],
            "time": "2019-11-28T14:21:58+00:00"
        },
        {
            "name": "pickles2/px2-path-resolver",
            "version": "dev-develop",
            "source": {
                "type": "git",
                "url": "https://github.com/pickles2/px2-path-resolver.git",
                "reference": "14d3adbe6248d1be302b82fa6f7df7a59629c36d"
            },
            "dist": {
                "type": "zip",
                "url": "https://api.github.com/repos/pickles2/px2-path-resolver/zipball/14d3adbe6248d1be302b82fa6f7df7a59629c36d",
                "reference": "14d3adbe6248d1be302b82fa6f7df7a59629c36d",
                "shasum": ""
            },
            "require": {
                "php": ">=5.4.0",
                "tomk79/filesystem": "1.*"
            },
            "require-dev": {
                "phpunit/phpunit": "4.1.*",
                "pickles2/broccoli-module-fess": "dev-master",
                "pickles2/broccoli-module-plain-html-elements": "dev-master",
                "pickles2/px-fw-2.x": "dev-master",
                "pickles2/px2-px2dthelper": "dev-master",
                "pickles2/px2-sitemapexcel": "2.*"
            },
            "type": "library",
            "autoload": {
                "files": [
                    "php/main.php",
                    "php/pathResolver.php",
                    "php/resolveCommonContents.php",
                    "php/simple_html_dom.php"
                ]
            },
            "notification-url": "https://packagist.org/downloads/",
            "license": [
                "MIT"
            ],
            "authors": [
                {
                    "name": "Tomoya Koyanagi",
                    "email": "tomk79@gmail.com"
                }
            ],
            "description": "Pickles 2 に、相対パス・絶対パスでの書き出しオプションを追加します。",
            "keywords": [
                "pickles2"
            ],
            "time": "2019-09-04T12:37:20+00:00"
        },
        {
            "name": "pickles2/px2-px2dthelper",
            "version": "dev-develop",
            "source": {
                "type": "git",
                "url": "https://github.com/pickles2/px2-px2dthelper.git",
                "reference": "906deceff5b9c0a2ce422838c0ea53d01175ece1"
            },
            "dist": {
                "type": "zip",
                "url": "https://api.github.com/repos/pickles2/px2-px2dthelper/zipball/906deceff5b9c0a2ce422838c0ea53d01175ece1",
                "reference": "906deceff5b9c0a2ce422838c0ea53d01175ece1",
                "shasum": ""
            },
            "require": {
                "broccoli-html-editor/broccoli-html-editor": "^0.3",
                "leafo/scssphp": ">=0.7",
                "michelf/php-markdown": ">=1.6",
                "php": ">=5.4.0",
                "pickles2/lib-px2-contents-editor": "^2.0",
                "pickles2/lib-px2-module-editor": "^0.2",
                "tomk79/php-excel2html": "^0.0"
            },
            "require-dev": {
                "broccoli-html-editor/broccoli-module-fess": "dev-develop",
                "broccoli-html-editor/broccoli-module-plain-html-elements": "dev-develop",
                "jms/serializer": "<1.8",
                "phpdocumentor/phpdocumentor": "^2.9.0",
                "phpunit/phpunit": "^4.1.0",
                "pickles2/px-fw-2.x": "dev-develop",
                "pickles2/px2-multitheme": "dev-develop",
                "pickles2/px2-sitemapexcel": "dev-develop",
                "tomk79/filesystem": "^1.0.0"
            },
            "type": "library",
            "autoload": {
                "files": [
                    "php/main.php",
                    "php/broccoli/receive_message.php",
                    "php/px2ce/apis.php",
                    "php/px2me/apis.php"
                ]
            },
            "notification-url": "https://packagist.org/downloads/",
            "license": [
                "MIT"
            ],
            "authors": [
                {
                    "name": "Tomoya Koyanagi",
                    "email": "tomk79@gmail.com"
                }
            ],
            "description": "Pickles 2 用のプラグインです。Pickles 2 アプリケーション と連携させるためのAPIを提供します。",
            "keywords": [
                "pickles2"
            ],
            "time": "2019-09-04T11:55:34+00:00"
        },
        {
            "name": "pickles2/px2-remove-attr",
            "version": "dev-develop",
            "source": {
                "type": "git",
                "url": "https://github.com/pickles2/px2-remove-attr.git",
                "reference": "19a9f7665da34a93600d21594465521e09ee4c11"
            },
            "dist": {
                "type": "zip",
                "url": "https://api.github.com/repos/pickles2/px2-remove-attr/zipball/19a9f7665da34a93600d21594465521e09ee4c11",
                "reference": "19a9f7665da34a93600d21594465521e09ee4c11",
                "shasum": ""
            },
            "require": {
                "php": ">=5.4.0"
            },
            "require-dev": {
                "phpunit/phpunit": "4.1.*",
                "pickles2/broccoli-module-fess": "dev-master",
                "pickles2/broccoli-module-plain-html-elements": "dev-master",
                "pickles2/px-fw-2.x": "2.0.*",
                "pickles2/px2-px2dthelper": "dev-master",
                "pickles2/px2-sitemapexcel": "2.*"
            },
            "type": "library",
            "autoload": {
                "files": [
                    "php/main.php"
                ]
            },
            "notification-url": "https://packagist.org/downloads/",
            "license": [
                "MIT"
            ],
            "authors": [
                {
                    "name": "Tomoya Koyanagi",
                    "email": "tomk79@gmail.com"
                }
            ],
            "description": "px2-remove-attr は、Pickles 2 に、HTMLドキュメントから指定した属性を削除する機能を提供します。",
            "keywords": [
                "pickles"
            ],
            "time": "2019-09-10T05:16:42+00:00"
        },
        {
            "name": "pickles2/px2-sitemapexcel",
            "version": "dev-develop",
            "source": {
                "type": "git",
                "url": "https://github.com/pickles2/px2-sitemapexcel.git",
                "reference": "5ba654fcc4fc25a2aef2f409cabee5c1a7da6aa1"
            },
            "dist": {
                "type": "zip",
                "url": "https://api.github.com/repos/pickles2/px2-sitemapexcel/zipball/5ba654fcc4fc25a2aef2f409cabee5c1a7da6aa1",
                "reference": "5ba654fcc4fc25a2aef2f409cabee5c1a7da6aa1",
                "shasum": ""
            },
            "require": {
                "php": ">=5.4.0",
                "phpoffice/phpexcel": "^1.8",
                "tomk79/filesystem": "^1.0"
            },
            "require-dev": {
                "phpunit/phpunit": "4.1.*",
                "pickles2/px-fw-2.x": "dev-develop"
            },
            "type": "library",
            "extra": {
                "px2package": {
                    "name": "pickles2/px2-sitemapexcel",
                    "type": "processor"
                }
            },
            "autoload": {
                "files": [
                    "php/pickles-sitemap-excel.php",
                    "php/apis/csv2xlsx.php",
                    "php/apis/xlsx2csv.php",
                    "php/helper/PHPExcelHelper.php",
                    "php/helper/parseSitemapCsv.php",
                    "php/lock.php"
                ]
            },
            "notification-url": "https://packagist.org/downloads/",
            "license": [
                "MIT"
            ],
            "authors": [
                {
                    "name": "Tomoya Koyanagi",
                    "email": "tomk79@gmail.com"
                }
            ],
            "description": "Pickles 2 に、サイトマップをグラフィカルなエクセル形式(xlsx)で編集できる機能を追加します。",
            "keywords": [
                "pickles2"
            ],
            "time": "2019-05-21T07:09:29+00:00"
        },
        {
            "name": "symfony/polyfill-ctype",
            "version": "dev-master",
            "source": {
                "type": "git",
                "url": "https://github.com/symfony/polyfill-ctype.git",
                "reference": "f8f0b461be3385e56d6de3dbb5a0df24c0c275e3"
            },
            "dist": {
                "type": "zip",
                "url": "https://api.github.com/repos/symfony/polyfill-ctype/zipball/f8f0b461be3385e56d6de3dbb5a0df24c0c275e3",
                "reference": "f8f0b461be3385e56d6de3dbb5a0df24c0c275e3",
                "shasum": ""
            },
            "require": {
                "php": ">=5.3.3"
            },
            "suggest": {
                "ext-ctype": "For best performance"
            },
            "type": "library",
            "extra": {
                "branch-alias": {
                    "dev-master": "1.13-dev"
                }
            },
            "autoload": {
                "psr-4": {
                    "Symfony\\Polyfill\\Ctype\\": ""
                },
                "files": [
                    "bootstrap.php"
                ]
            },
            "notification-url": "https://packagist.org/downloads/",
            "license": [
                "MIT"
            ],
            "authors": [
                {
                    "name": "Gert de Pagter",
                    "email": "BackEndTea@gmail.com"
                },
                {
                    "name": "Symfony Community",
                    "homepage": "https://symfony.com/contributors"
                }
            ],
            "description": "Symfony polyfill for ctype functions",
            "homepage": "https://symfony.com",
            "keywords": [
                "compatibility",
                "ctype",
                "polyfill",
                "portable"
            ],
            "time": "2019-11-27T13:56:44+00:00"
        },
        {
            "name": "tomk79/csv2json",
            "version": "1.0.0",
            "source": {
                "type": "git",
                "url": "https://github.com/tomk79/csv2json.git",
                "reference": "11b6265b82b0eb064ec01724064df6961529d4b0"
            },
            "dist": {
                "type": "zip",
                "url": "https://api.github.com/repos/tomk79/csv2json/zipball/11b6265b82b0eb064ec01724064df6961529d4b0",
                "reference": "11b6265b82b0eb064ec01724064df6961529d4b0",
                "shasum": ""
            },
            "require": {
                "php": ">=5.3.0",
                "tomk79/filesystem": "1.*"
            },
            "type": "library",
            "autoload": {
                "files": [
                    "php/csv2json.php"
                ]
            },
            "notification-url": "https://packagist.org/downloads/",
            "license": [
                "MIT"
            ],
            "authors": [
                {
                    "name": "Tomoya Koyanagi",
                    "email": "tomk79@gmail.com"
                }
            ],
            "description": "CSVを読み込んで、連想配列構造に変換する。それをJSONに出力する。",
            "keywords": [
                "csv"
            ],
            "time": "2015-01-28T00:24:52+00:00"
        },
        {
            "name": "tomk79/filesystem",
            "version": "1.0.8",
            "source": {
                "type": "git",
                "url": "https://github.com/tomk79/filesystem.git",
                "reference": "4f4db2af2ebcb1aad29a5bdf6ba5f7349f776aea"
            },
            "dist": {
                "type": "zip",
                "url": "https://api.github.com/repos/tomk79/filesystem/zipball/4f4db2af2ebcb1aad29a5bdf6ba5f7349f776aea",
                "reference": "4f4db2af2ebcb1aad29a5bdf6ba5f7349f776aea",
                "shasum": ""
            },
            "require": {
                "php": ">=5.3.0"
            },
            "require-dev": {
                "phpdocumentor/phpdocumentor": "2.8.*",
                "phpunit/phpunit": "4.1.*"
            },
            "type": "library",
            "autoload": {
                "files": [
                    "php/filesystem.php"
                ]
            },
            "notification-url": "https://packagist.org/downloads/",
            "license": [
                "MIT"
            ],
            "authors": [
                {
                    "name": "Tomoya Koyanagi",
                    "email": "tomk79@gmail.com",
                    "homepage": "http://www.pxt.jp/"
                }
            ],
            "description": "Simple filesystem utility for PHP.",
            "keywords": [
                "filesystem"
            ],
            "time": "2018-08-16T01:56:20+00:00"
        },
        {
            "name": "tomk79/h",
            "version": "dev-master",
            "source": {
                "type": "git",
                "url": "https://github.com/tomk79/php-h.git",
                "reference": "25919e75b5d0f57fa73eebc7b5389aab8682ba4f"
            },
            "dist": {
                "type": "zip",
                "url": "https://api.github.com/repos/tomk79/php-h/zipball/25919e75b5d0f57fa73eebc7b5389aab8682ba4f",
                "reference": "25919e75b5d0f57fa73eebc7b5389aab8682ba4f",
                "shasum": ""
            },
            "require-dev": {
                "phpunit/phpunit": "4.1.*"
            },
            "type": "library",
            "autoload": {
                "files": [
                    "php/h.php"
                ]
            },
            "notification-url": "https://packagist.org/downloads/",
            "license": [
                "MIT"
            ],
            "authors": [
                {
                    "name": "Tomoya Koyanagi",
                    "email": "tomk79@gmail.com"
                }
            ],
            "description": "A shorthand of htmlspecialchars().",
            "time": "2015-09-06T03:31:31+00:00"
        },
        {
            "name": "tomk79/langbank",
            "version": "0.0.3",
            "source": {
                "type": "git",
                "url": "https://github.com/tomk79/node-langbank.git",
                "reference": "bf87f84f697c92dd02e887b973ba7b18e013aedd"
            },
            "dist": {
                "type": "zip",
                "url": "https://api.github.com/repos/tomk79/node-langbank/zipball/bf87f84f697c92dd02e887b973ba7b18e013aedd",
                "reference": "bf87f84f697c92dd02e887b973ba7b18e013aedd",
                "shasum": ""
            },
            "require": {
                "php": ">=5.4.0",
                "tomk79/filesystem": "^1.0",
                "twig/twig": "*"
            },
            "require-dev": {
                "phpunit/phpunit": "^4.1.0"
            },
            "type": "library",
            "autoload": {
                "files": [
                    "php/main.php"
                ]
            },
            "notification-url": "https://packagist.org/downloads/",
            "license": [
                "MIT"
            ],
            "authors": [
                {
                    "name": "Tomoya Koyanagi",
                    "email": "tomk79@gmail.com"
                }
            ],
            "keywords": [
                "i18n"
            ],
            "time": "2018-05-23T17:43:08+00:00"
        },
        {
            "name": "tomk79/php-excel2html",
            "version": "0.0.7",
            "source": {
                "type": "git",
                "url": "https://github.com/tomk79/php-excel2html.git",
                "reference": "70c019f6c8582b15b6114803d5e97f42393baf2d"
            },
            "dist": {
                "type": "zip",
                "url": "https://api.github.com/repos/tomk79/php-excel2html/zipball/70c019f6c8582b15b6114803d5e97f42393baf2d",
                "reference": "70c019f6c8582b15b6114803d5e97f42393baf2d",
                "shasum": ""
            },
            "require": {
                "michelf/php-markdown": "^1.6.0",
                "php": ">=5.3.0",
                "phpoffice/phpexcel": "1.8.*",
                "tomk79/filesystem": "1.*"
            },
            "require-dev": {
                "phpunit/phpunit": "4.1.*"
            },
            "type": "library",
            "autoload": {
                "files": [
                    "php/main.php"
                ]
            },
            "notification-url": "https://packagist.org/downloads/",
            "license": [
                "MIT"
            ],
            "authors": [
                {
                    "name": "Tomoya Koyanagi",
                    "email": "tomk79@gmail.com"
                }
            ],
            "description": "Convert Excel(*.xlsx) to HTML table. with PHPExcel.",
            "time": "2016-10-18T08:03:45+00:00"
        },
        {
            "name": "tomk79/request",
            "version": "1.0.2",
            "source": {
                "type": "git",
                "url": "https://github.com/tomk79/request.git",
                "reference": "8fcec933e62dcc08b59f0659db5dcaf0d56186bd"
            },
            "dist": {
                "type": "zip",
                "url": "https://api.github.com/repos/tomk79/request/zipball/8fcec933e62dcc08b59f0659db5dcaf0d56186bd",
                "reference": "8fcec933e62dcc08b59f0659db5dcaf0d56186bd",
                "shasum": ""
            },
            "require": {
                "php": ">=5.3.0",
                "tomk79/filesystem": "1.*"
            },
            "require-dev": {
                "phpdocumentor/phpdocumentor": "2.8.*",
                "phpunit/phpunit": "4.1.*"
            },
            "type": "library",
            "autoload": {
                "files": [
                    "php/request.php"
                ]
            },
            "notification-url": "https://packagist.org/downloads/",
            "license": [
                "MIT"
            ],
            "authors": [
                {
                    "name": "Tomoya Koyanagi",
                    "email": "tomk79@gmail.com"
                }
            ],
            "description": "A request management utilitiy for PHP.",
            "time": "2018-08-22T09:51:53+00:00"
        },
        {
            "name": "twig/twig",
            "version": "1.x-dev",
            "source": {
                "type": "git",
                "url": "https://github.com/twigphp/Twig.git",
                "reference": "3853841c9f15842894321c89b156124a2b1f5dc9"
            },
            "dist": {
                "type": "zip",
                "url": "https://api.github.com/repos/twigphp/Twig/zipball/3853841c9f15842894321c89b156124a2b1f5dc9",
                "reference": "3853841c9f15842894321c89b156124a2b1f5dc9",
                "shasum": ""
            },
            "require": {
                "php": ">=5.5.0",
                "symfony/polyfill-ctype": "^1.8"
            },
            "require-dev": {
                "psr/container": "^1.0",
                "symfony/phpunit-bridge": "^4.4|^5.0"
            },
            "type": "library",
            "extra": {
                "branch-alias": {
                    "dev-master": "1.42-dev"
                }
            },
            "autoload": {
                "psr-0": {
                    "Twig_": "lib/"
                },
                "psr-4": {
                    "Twig\\": "src/"
                }
            },
            "notification-url": "https://packagist.org/downloads/",
            "license": [
                "BSD-3-Clause"
            ],
            "authors": [
                {
                    "name": "Fabien Potencier",
                    "email": "fabien@symfony.com",
                    "homepage": "http://fabien.potencier.org",
                    "role": "Lead Developer"
                },
                {
                    "name": "Twig Team",
                    "homepage": "https://twig.symfony.com/contributors",
                    "role": "Contributors"
                },
                {
                    "name": "Armin Ronacher",
                    "email": "armin.ronacher@active-4.com",
                    "role": "Project Founder"
                }
            ],
            "description": "Twig, the flexible, fast, and secure template language for PHP",
            "homepage": "https://twig.symfony.com",
            "keywords": [
                "templating"
            ],
            "time": "2019-11-28T14:02:09+00:00"
        }
    ],
    "packages-dev": [],
    "aliases": [],
    "minimum-stability": "dev",
    "stability-flags": {
        "broccoli-html-editor/broccoli-module-fess": 20,
        "broccoli-html-editor/broccoli-module-plain-html-elements": 20,
        "pickles2/px-fw-2.x": 20,
        "pickles2/px2-path-resolver": 20,
        "pickles2/px2-px2dthelper": 20,
        "pickles2/px2-dec": 20,
        "pickles2/px2-multitheme": 20,
        "pickles2/px2-paprika": 20,
        "pickles2/px2-remove-attr": 20,
        "pickles2/px2-sitemapexcel": 20
    },
    "prefer-stable": false,
    "prefer-lowest": false,
    "platform": {
        "php": ">=5.4.0"
    },
    "platform-dev": []
}
